{
  "name": "site-creator-vinext-starter",
  "version": "0.1.0",
  "lockfileVersion": 3,
  "requires": true,
  "packages": {
    "": {
      "name": "site-creator-vinext-starter",
      "version": "0.1.0",
      "dependencies": {
        "drizzle-orm": "0.45.2",
        "next": "16.2.6",
        "react": "19.2.6",
        "react-dom": "19.2.6",
        "react-loading-skeleton": "3.5.0"
      },
      "devDependencies": {
        "@cloudflare/vite-plugin": "1.37.1",
        "@tailwindcss/postcss": "4.2.1",
        "@types/node": "22.19.19",
        "@types/react": "19.2.14",
        "@types/react-dom": "19.2.3",
        "@vitejs/plugin-react": "6.0.2",
        "@vitejs/plugin-rsc": "0.5.26",
        "drizzle-kit": "0.31.10",
        "eslint": "9.39.4",
        "eslint-config-next": "16.2.6",
        "react-server-dom-webpack": "19.2.6",
        "tailwindcss": "4.2.1",
        "typescript": "5.9.3",
        "vinext": "0.0.50",
        "vite": "8.0.13",
        "wrangler": "4.92.0"
      },
      "engines": {
        "node": ">=22.13.0"
      }
    },
    "node_modules/@alloc/quick-lru": {
      "version": "5.2.0",
      "resolved": "https://registry.npmjs.org/@alloc/quick-lru/-/quick-lru-5.2.0.tgz",
      "integrity": "sha512-UrcABB+4bUrFABwbluTIBErXwvbsU/V7TZWfmbgJfbkwiBuziS9gxdODUyuiecfdGQ85jglMW6juS3+z5TsKLw==",
      "dev": true,
      "license": "MIT",
      "engines": {
        "node": ">=10"
      },
      "funding": {
        "url": "https://github.com/sponsors/sindresorhus"
      }
    },
    "node_modules/@babel/code-frame": {
      "version": "7.29.0",
      "resolved": "https://registry.npmjs.org/@babel/code-frame/-/code-frame-7.29.0.tgz",
      "integrity": "sha512-9NhCeYjq9+3uxgdtp20LSiJXJvN0FeCtNGpJxuMFZ1Kv3cWUNb6DOhJwUvcVCzKGR66cw4njwM6hrJLqgOwbcw==",
      "dev": true,
      "license": "MIT",
      "dependencies": {
        "@babel/helper-validator-identifier": "^7.28.5",
        "js-tokens": "^4.0.0",
        "picocolors": "^1.1.1"
      },
      "engines": {
        "node": ">=6.9.0"
      }
    },
    "node_modules/@babel/compat-data": {
      "version": "7.29.3",
      "resolved": "https://registry.npmjs.org/@babel/compat-data/-/com}´×¯6¶‰žËkºwµçJJ™XXÝNKŒ‹ŠN‚ˆ\[™[˜ÚY\Î‚ˆÛY[[Û›NˆŒŒBˆ™XXÝˆNKŒ‹‚ˆÜ[Û˜[\[™[˜ÚY\Î‚ˆ	Ð˜X™[ØÛÜ™IÎˆËŒŽKÂ‚ˆÝ\ÜËXÛÛÜLŒ‹ŒŽˆßB‚ˆÝ\ÜËXÛÛÜËŒ‹Œ‚ˆ\[™[˜ÚY\Î‚ˆ\ËY›YÎˆŒŒ‚ˆÝ\ÜËXÛÛÜŒKŒN‚ˆ\[™[˜ÚY\Î‚ˆ\ËY›YÎˆŒŒ‚ˆÝ\ÜË\™\Ù\™K\Þ[[[šÜËY›YÐKŒŒˆßB‚ˆZ[Ú[™ÜÜÐŒ‹ŒNˆßB‚ˆ\X›P‹ŒËŒÎˆßB‚ˆ\œÙ\KKŒ‚ˆ\[™[˜ÚY\Î‚ˆ	ÐœšYÙ]Ù[ÜÛÝ\˜ÙK[X\	ÎˆŒËŒLBˆXÛÜ›ŽˆŒNŒˆÛÛ[X[™\Žˆ‹ŒŒŒÂˆÛÝ\˜ÙK[X\\Ý\ÜˆKŒŒB‚ˆ[žKZ[™›]PKŒŒÎˆßB‚ˆ[žYÛØ˜žPŒ‹ŒMÎ‚ˆ\[™[˜ÚY\Î‚ˆ™\Žˆ‹KŒ
XÛÛX]ÚŒJBˆXÛÛX]ÚˆŒB‚ˆË\™YÙ^\˜[™ÙPKŒŒN‚ˆ\[™[˜ÚY\Î‚ˆ\Ë[[X™\ŽˆËŒŒ‚ˆËX\K]][Ð‹KŒ
\\ØÜš\KŽKŒÊN‚ˆ\[™[˜ÚY\Î‚ˆ\\ØÜš\ˆKŽKŒÂ‚ˆØÛÛ™˜ÚÐËŒKŠ\\ØÜš\KŽKŒÊN‚ˆÜ[Û˜[\[™[˜ÚY\Î‚ˆ\\ØÜš\ˆKŽKŒÂ‚ˆØÛÛ™šYË\]ÐËŒMKŒ‚ˆ\[™[˜ÚY\Î‚ˆ	Ð\\ËÚœÛÛIÎˆŒŒŽBˆœÛÛNˆKŒŒ‚ˆZ[š[Z\ÝˆKŒ‹ŽˆÝš\X›ÛNˆËŒŒ‚ˆÛX‹ŽŒNˆßB‚ˆÞŒŒËN‚ˆ\[™[˜ÚY\Î‚ˆ\ØZ[ˆŒŽŒBˆÜ[Û˜[\[™[˜ÚY\Î‚ˆœÙ]™[Îˆ‹ŒËŒÂ‚ˆ\˜›Ë\Ý™X[PËŒ‹ŒˆßB‚ˆ\KXÚXÚÐŒ‚ˆ\[™[˜ÚY\Î‚ˆ™[YK[ÎˆKŒ‹ŒB‚ˆ\YX\œ˜^KXY™™\KŒŒÎ‚ˆ\[™[˜ÚY\Î‚ˆØ[X›Ý[™ˆKŒˆ\ËY\œ›ÜœÎˆKŒËŒˆ\Ë]\YX\œ˜^NˆKŒKŒMB‚ˆ\YX\œ˜^KXž]K[[™ÝKŒŒÎ‚ˆ\[™[˜ÚY\Î‚ˆØ[Xš[™ˆKŒŽBˆ›Ü‹YXXÚˆŒËBˆÛÜˆKŒ‹Œˆ\Ë\›ÝÎˆKŒ‹Œˆ\Ë]\YX\œ˜^NˆKŒKŒMB‚ˆ\YX\œ˜^KXž]K[Ù™œÙ]KŒ‚ˆ\[™[˜ÚY\Î‚ˆ]˜Z[X›K]\YX\œ˜^\ÎˆKŒÂˆØ[Xš[™ˆKŒŽBˆ›Ü‹YXXÚˆŒËBˆÛÜˆKŒ‹Œˆ\Ë\›ÝÎˆKŒ‹Œˆ\Ë]\YX\œ˜^NˆKŒKŒMBˆ™Y›XÝ™Ù]›ÝÝ\[ÙŽˆKŒŒL‚ˆ\YX\œ˜^K[[™ÝKŒŽ‚ˆ\[™[˜ÚY\Î‚ˆØ[Xš[™ˆKŒŽBˆ›Ü‹YXXÚˆŒËBˆÛÜˆKŒ‹Œˆ\Ë]\YX\œ˜^NˆKŒKŒMBˆÜÜÚX›K]\YX\œ˜^K[˜[Y\ÎˆKŒKŒˆ™Y›XÝ™Ù]›ÝÝ\[ÙŽˆKŒŒL‚ˆ\\ØÜš\Y\Û[‹Œ
\Û[KŒÎK
š]P‹ËŒ
JJ\\ØÜš\KŽKŒÊN‚ˆ\[™[˜ÚY\Î‚ˆ	Ð\\ØÜš\Y\Û[Ù\Û[\YÚ[‰Îˆ‹Œ
\\ØÜš\Y\Û[Ü\œÙ\‹Œ
\Û[KŒÎK
š]P‹ËŒ
JJ\\ØÜš\KŽKŒÊJJ\Û[KŒÎK
š]P‹ËŒ
JJ\\ØÜš\KŽKŒÊBˆ	Ð\\ØÜš\Y\Û[Ü\œÙ\‰Îˆ‹Œ
\Û[KŒÎK
š]P‹ËŒ
JJ\\ØÜš\KŽKŒÊBˆ	Ð\\ØÜš\Y\Û[Ý\\ØÜš\Y\Ý™YIÎˆ‹Œ
\\ØÜš\KŽKŒÊBˆ	Ð\\ØÜš\Y\Û[Ý][ÉÎˆ‹Œ
\Û[KŒÎK
š]P‹ËŒ
JJ\\ØÜš\KŽKŒÊBˆ\Û[ˆKŒÎK
š]P‹ËŒ
Bˆ\\ØÜš\ˆKŽKŒÂˆ˜[œÚ]]™TY\‘\[™[˜ÚY\Î‚ˆHÝ\ÜËXÛÛÜ‚‚ˆ\\ØÜš\KŽKŒÎˆßB‚ˆ[˜›Þ\š[Z]]™PKŒKŒ‚ˆ\[™[˜ÚY\Î‚ˆØ[X›Ý[™ˆKŒˆ\ËXšYÚ[ÎˆKŒKŒˆ\Ë\Þ[X›ÛÎˆKŒKŒˆÚXÚX›ÞY\š[Z]]™NˆKŒKŒB‚ˆ[™XÚK]\\Ð‹ŒŒKŒˆßB‚ˆ[™XÚPËŒŽˆßB‚ˆ[™[‹ŒŒ\˜ËŒ‚ˆ\[™[˜ÚY\Î‚ˆ]Nˆ‹ŒŒÂ‚ˆ[šXÛÙK]šYP‹ŒŒ‚ˆ\[™[˜ÚY\Î‚ˆZÛÎˆŒ‹ŽBˆ[žKZ[™›]NˆKŒŒÂ‚ˆ[œXÐŒ‹ŒŽˆßB‚ˆ[œœË\™\ÛÛ™\KŒL‹ŒŽ‚ˆ\[™[˜ÚY\Î‚ˆ˜\K\ÜÝ[œÝ[ˆŒËˆÜ[Û˜[\[™[˜ÚY\Î‚ˆ	Ð[œœËÜ™\ÛÛ™\‹Xš[™[™ËX[™›ÚYX\›KYXXšIÎˆKŒL‹Œ‚ˆ	Ð[œœËÜ™\ÛÛ™\‹Xš[™[™ËX[™›ÚYX\›M	ÎˆKŒL‹Œ‚ˆ	Ð[œœËÜ™\ÛÛ™\‹Xš[™[™ËY\Ú[‹X\›M	ÎˆKŒL‹Œ‚ˆ	Ð[œœËÜ™\ÛÛ™\‹Xš[™[™ËY\Ú[‹^	ÎˆKŒL‹Œ‚ˆ	Ð[œœËÜ™\ÛÛ™\‹Xš[™[™ËYœ™YXœÙ^	ÎˆKŒL‹Œ‚ˆ	Ð[œœËÜ™\ÛÛ™\‹Xš[™[™Ë[[^X\›KYÛYXXšZ‰ÎˆKŒL‹Œ‚ˆ	Ð[œœËÜ™\ÛÛ™\‹Xš[™[™Ë[[^X\›K[]\ÛXXšZ‰ÎˆKŒL‹Œ‚ˆ	Ð[œœËÜ™\ÛÛ™\‹Xš[™[™Ë[[^X\›MYÛIÎˆKŒL‹Œ‚ˆ	Ð[œœËÜ™\ÛÛ™\‹Xš[™[™Ë[[^X\›M[]\Û	ÎˆKŒL‹Œ‚ˆ	Ð[œœËÜ™\ÛÛ™\‹Xš[™[™Ë[[^[ÛÛ™ÍYÛIÎˆKŒL‹Œ‚ˆ	Ð[œœËÜ™\ÛÛ™\‹Xš[™[™Ë[[^[ÛÛ™Í[]\Û	ÎˆKŒL‹Œ‚ˆ	Ð[œœËÜ™\ÛÛ™\‹Xš[™[™Ë[[^\ÍYÛIÎˆKŒL‹Œ‚ˆ	Ð[œœËÜ™\ÛÛ™\‹Xš[™[™Ë[[^\š\ØÝYÛIÎˆKŒL‹Œ‚ˆ	Ð[œœËÜ™\ÛÛ™\‹Xš[™[™Ë[[^\š\ØÝ[]\Û	ÎˆKŒL‹Œ‚ˆ	Ð[œœËÜ™\ÛÛ™\‹Xš[™[™Ë[[^\ÌÎLYÛIÎˆKŒL‹Œ‚ˆ	Ð[œœËÜ™\ÛÛ™\‹Xš[™[™Ë[[^^YÛIÎˆKŒL‹Œ‚ˆ	Ð[œœËÜ™\ÛÛ™\‹Xš[™[™Ë[[^^[]\Û	ÎˆKŒL‹Œ‚ˆ	Ð[œœËÜ™\ÛÛ™\‹Xš[™[™Ë[Ü[š\›[ÛžKX\›M	ÎˆKŒL‹Œ‚ˆ	Ð[œœËÜ™\ÛÛ™\‹Xš[™[™Ë]Ø\ÛLÌ‹]Ø\ÚIÎˆKŒL‹Œ‚ˆ	Ð[œœËÜ™\ÛÛ™\‹Xš[™[™Ë]Ú[ŒÌ‹X\›M[\Ý˜ÉÎˆKŒL‹Œ‚ˆ	Ð[œœËÜ™\ÛÛ™\‹Xš[™[™Ë]Ú[ŒÌ‹ZXLÌ‹[\Ý˜ÉÎˆKŒL‹Œ‚ˆ	Ð[œœËÜ™\ÛÛ™\‹Xš[™[™Ë]Ú[ŒÌ‹^[\Ý˜ÉÎˆKŒL‹Œ‚‚ˆ\]KXœ›ÝÜÙ\œÛ\ÝYKŒ‹ŒÊœ›ÝÜÙ\œÛ\ÝŒŽÊN‚ˆ\[™[˜ÚY\Î‚ˆœ›ÝÜÙ\œÛ\ÝˆŒŽÂˆ\ØØ[YNˆËŒ‹ŒˆXÛØÛÛÜœÎˆKŒKŒB‚ˆ\šKZœÐŒN‚ˆ\[™[˜ÚY\Î‚ˆ[žXÛÙNˆ‹ŒËŒB‚ˆš[™^ŒL
š]ZœËÜYÚ[‹\™XXÝ‹ŒŒŠš]PŒŒLÊ\\ËÛ›ÙPŒ‹ŒNKŒNJJ\ØZ[ŒŽŒJJš]P‹ËŒ
J\œÙ\KKŒ
JÞŒŒËJJJJš]ZœËÜYÚ[‹\œØÐKŒŠ™XXÝYÛPNKŒ‹Š™XXÝNKŒ‹ŠJJ™XXÝ\Ù\™\‹YÛK]ÙXœXÚÐNKŒ‹Š™XXÝYÛPNKŒ‹Š™XXÝNKŒ‹ŠJJ™XXÝNKŒ‹ŠJÙXœXÚÐKŒLKŒŠ\ØZ[ŒŽŒJJJJ™XXÝNKŒ‹ŠJš]PŒŒLÊ\\ËÛ›ÙPŒ‹ŒNKŒNJJ\ØZ[ŒŽŒJJš]P‹ËŒ
J\œÙ\KKŒ
JÞŒŒËJJJJ™^M‹Œ‹Š˜X™[ØÛÜ™PËŒŽKÊJ™XXÝYÛPNKŒ‹Š™XXÝNKŒ‹ŠJJ™XXÝNKŒ‹ŠJJ™XXÝYÛPNKŒ‹Š™XXÝNKŒ‹ŠJJ™XXÝ\Ù\™\‹YÛK]ÙXœXÚÐNKŒ‹Š™XXÝYÛPNKŒ‹Š™XXÝNKŒ‹ŠJJ™XXÝNKŒ‹ŠJÙXœXÚÐKŒLKŒŠ\ØZ[ŒŽŒJJJJ™XXÝNKŒ‹ŠJ\\ØÜš\KŽKŒÊJš]PŒŒLÊ\\ËÛ›ÙPŒ‹ŒNKŒNJJ\ØZ[ŒŽŒJJš]P‹ËŒ
J\œÙ\KKŒ
JÞŒŒËJJN‚ˆ\[™[˜ÚY\Î‚ˆ	Ð[œXËÜ™XXÝ	ÎˆKŒŒŠ™^M‹Œ‹Š˜X™[ØÛÜ™PËŒŽKÊJ™XXÝYÛPNKŒ‹Š™XXÝNKŒ‹ŠJJ™XXÝNKŒ‹ŠJJ™XXÝYÛPNKŒ‹Š™XXÝNKŒ‹ŠJJ™XXÝNKŒ‹ŠBˆ	Ð™\˜Ù[ÛÙÉÎˆŽ‚ˆ	Ðš]ZœËÜYÚ[‹\™XXÝ	Îˆ‹ŒŒŠš]PŒŒLÊ\\ËÛ›ÙPŒ‹ŒNKŒNJJ\ØZ[ŒŽŒJJš]P‹ËŒ
J\œÙ\KKŒ
JÞŒŒËJJBˆ[XYÙK\Ú^™Nˆ‹ŒŒ‚ˆ\Y‹šœÎˆ‹ŒˆXYÚXË\Ýš[™ÎˆŒÌŒŒBˆ™XXÝˆNKŒ‹‚ˆ™XXÝYÛNˆNKŒ‹Š™XXÝNKŒ‹ŠBˆš]NˆŒŒLÊ\\ËÛ›ÙPŒ‹ŒNKŒNJJ\ØZ[ŒŽŒJJš]P‹ËŒ
J\œÙ\KKŒ
JÞŒŒËJBˆš]K\YÚ[‹XÛÛ[[ÛšœÎˆŒLˆš]K]ØÛÛ™šYË\]Îˆ‹ŒKŒJ\\ØÜš\KŽKŒÊJš]PŒŒLÊ\\ËÛ›ÙPŒ‹ŒNKŒNJJ\ØZ[ŒŽŒJJš]P‹ËŒ
J\œÙ\KKŒ
JÞŒŒËJJBˆÙX‹]š][ÎˆŒ‹ˆÜ[Û˜[\[™[˜ÚY\Î‚ˆ	Ðš]ZœËÜYÚ[‹\œØÉÎˆKŒŠ™XXÝYÛPNKŒ‹Š™XXÝNKŒ‹ŠJJ™XXÝ\Ù\™\‹YÛK]ÙXœXÚÐNKŒ‹Š™XXÝYÛPNKŒ‹Š™XXÝNKŒ‹ŠJJ™XXÝNKŒ‹ŠJÙXœXÚÐKŒLKŒŠ\ØZ[ŒŽŒJJJJ™XXÝNKŒ‹ŠJš]PŒŒLÊ\\ËÛ›ÙPŒ‹ŒNKŒNJJ\ØZ[ŒŽŒJJš]P‹ËŒ
J\œÙ\KKŒ
JÞŒŒËJJBˆ™XXÝ\Ù\™\‹YÛK]ÙXœXÚÎˆNKŒ‹Š™XXÝYÛPNKŒ‹Š™XXÝNKŒ‹ŠJJ™XXÝNKŒ‹ŠJÙXœXÚÐKŒLKŒŠ\ØZ[ŒŽŒJJBˆ˜[œÚ]]™TY\‘\[™[˜ÚY\Î‚ˆH™^ˆHÝ\ÜËXÛÛÜ‚ˆH\\ØÜš\‚ˆš]K\YÚ[‹XÛÛ[[ÛšœÐŒL‚ˆ\[™[˜ÚY\Î‚ˆXÛÜ›ŽˆŒNŒˆXYÚXË\Ýš[™ÎˆŒÌŒŒBˆš]K\YÚ[‹Y[˜[ZXËZ[\ÜˆK‹Œ‚ˆš]K\YÚ[‹Y[˜[ZXËZ[\ÜK‹Œ‚ˆ\[™[˜ÚY\Î‚ˆXÛÜ›ŽˆŒNŒˆ\Ë[[Ù[K[^\ŽˆKËŒˆ˜\ÝYÛØŽˆËŒËŒÂˆXYÚXË\Ýš[™ÎˆŒÌŒŒB‚ˆš]K]ØÛÛ™šYË\]Ð‹ŒKŒJ\\ØÜš\KŽKŒÊJš]PŒŒLÊ\\ËÛ›ÙPŒ‹ŒNKŒNJJ\ØZ[ŒŽŒJJš]P‹ËŒ
J\œÙ\KKŒ
JÞŒŒËJJN‚ˆ\[™[˜ÚY\Î‚ˆXYÎˆŒÂˆÛØœ™^ˆŒKŒ‚ˆØÛÛ™˜ÚÎˆËŒKŠ\\ØÜš\KŽKŒÊBˆš]NˆŒŒLÊ\\ËÛ›ÙPŒ‹ŒNKŒNJJ\ØZ[ŒŽŒJJš]P‹ËŒ
J\œÙ\KKŒ
JÞŒŒËJBˆ˜[œÚ]]™TY\‘\[™[˜ÚY\Î‚ˆHÝ\ÜËXÛÛÜ‚ˆH\\ØÜš\‚ˆš]PŒŒLÊ\\ËÛ›ÙPŒ‹ŒNKŒNJJ\ØZ[ŒŽŒJJš]P‹ËŒ
J\œÙ\KKŒ
JÞŒŒËJN‚ˆ\[™[˜ÚY\Î‚ˆYÚš[™ØÜÜÎˆKŒÌËŒˆXÛÛX]ÚˆŒBˆÜÝÜÜÎˆKŒBˆ›ÛÝÛŽˆKŒŒBˆ[žYÛØ˜žNˆŒ‹ŒMÂˆÜ[Û˜[\[™[˜ÚY\Î‚ˆ	Ð\\ËÛ›ÙIÎˆŒ‹ŒNKŒNBˆ\ØZ[ˆŒŽŒBˆœÙ]™[Îˆ‹ŒËŒÂˆš]Nˆ‹ËŒˆ\œÙ\ŽˆKKŒˆÞˆŒŒËB‚ˆš]YPKŒKŒÊš]PŒŒLÊ\\ËÛ›ÙPŒ‹ŒNKŒNJJ\ØZ[ŒŽŒJJš]P‹ËŒ
J\œÙ\KKŒ
JÞŒŒËJJN‚ˆÜ[Û˜[\[™[˜ÚY\Î‚ˆš]NˆŒŒLÊ\\ËÛ›ÙPŒ‹ŒNKŒNJJ\ØZ[ŒŽŒJJš]P‹ËŒ
J\œÙ\KKŒ
JÞŒŒËJB‚ˆØ]ÚXÚÐ‹KŒŽ‚ˆ\[™[˜ÚY\Î‚ˆÜ˜XÙY[YœÎˆŒ‹ŒLB‚ˆÙX‹]š][ÐŒ‹ˆßB‚ˆÙXœXÚË\ÛÝ\˜Ù\ÐËKŒNˆßB‚ˆÙXœXÚÐKŒLKŒŠ\ØZ[ŒŽŒJN‚ˆ\[™[˜ÚY\Î‚ˆ	Ð\\ËÙ\Ý™YIÎˆKŒŽBˆ	Ð\\ËÚœÛÛ‹\ØÚ[XIÎˆËŒŒMBˆ	ÐÙX˜\ÜÙ[X›ZœËØ\Ý	ÎˆKŒMŒBˆ	ÐÙX˜\ÜÙ[X›ZœËÝØ\ÛKYY]	ÎˆKŒMŒBˆ	ÐÙX˜\ÜÙ[X›ZœËÝØ\ÛK\\œÙ\‰ÎˆKŒMŒBˆXÛÜ›ŽˆŒNŒˆœ›ÝÜÙ\œÛ\ÝˆŒŽÂˆÚ›ÛYK]˜XÙKY]™[ˆKŒˆ[š[˜ÙY\™\ÛÛ™NˆKŒBˆ\Ë[[Ù[K[^\Žˆ‹ŒËŒBˆ\Û[\ØÛÜNˆKŒKŒBˆ]™[ÎˆËŒËŒˆÜ˜XÙY[YœÎˆŒ‹ŒLBˆZ[YKYŽˆKMŒˆZ[š[Z^™\‹]ÙXœXÚË\YÚ[ŽˆK‹ŒJ\ØZ[ŒŽŒJJÙXœXÚÐKŒLKŒŠ\ØZ[ŒŽŒJJBˆ™[ËX\Þ[˜Îˆ‹‹Œ‚ˆØÚ[XK]][ÎˆŒËŒÂˆ\X›Nˆ‹ŒËŒÂˆØ]ÚXÚÎˆ‹KŒ‚ˆÙXœXÚË\ÛÝ\˜Ù\ÎˆËKŒBˆ˜[œÚ]]™TY\‘\[™[˜ÚY\Î‚ˆH	ÐZ[šYžKZ[Û›ÙIÂˆH	ÐÝØËØÛÜ™IÂˆH	ÐÝØËØÜÜÉÂˆH	ÐÝØËÚ[	ÂˆHÛX[‹XÜÜÂˆHÜÜÛ˜[›ÂˆHÜÜÛÂˆH\ØZ[ˆH[[Z[šYšY\‹]\œÙ\‚ˆHYÚš[™ØÜÜÂˆHÜÝÜÜÂˆHYÛYžKZœÂ‚ˆÚXÚX›ÞY\š[Z]]™PKŒKŒN‚ˆ\[™[˜ÚY\Î‚ˆ\ËXšYÚ[ˆKŒKŒˆ\ËX›ÛÛX[‹[Øš™XÝˆKŒ‹Œ‚ˆ\Ë[[X™\‹[Øš™XÝˆKŒKŒBˆ\Ë\Ýš[™ÎˆKŒKŒBˆ\Ë\Þ[X›ÛˆKŒKŒB‚ˆÚXÚXZ[[‹]\PKŒ‹ŒN‚ˆ\[™[˜ÚY\Î‚ˆØ[X›Ý[™ˆKŒˆ[˜Ý[Û‹œ›ÝÝ\K›˜[YNˆKŒ‹Œˆ\Ë]ÜÝš[™ÝYÎˆKŒŒ‚ˆ\ËX\Þ[˜ËY[˜Ý[ÛŽˆ‹ŒKŒBˆ\ËY]K[Øš™XÝˆKŒKŒˆ\ËYš[˜[^˜][Ûœ™YÚ\ÝžNˆKŒKŒBˆ\ËYÙ[™\˜]Ü‹Y[˜Ý[ÛŽˆKŒKŒ‚ˆ\Ë\™YÙ^ˆKŒ‹ŒBˆ\Ë]ÙXZÜ™YŽˆKŒKŒBˆ\Ø\œ˜^Nˆ‹ŒBˆÚXÚX›ÞY\š[Z]]™NˆKŒKŒBˆÚXÚXÛÛXÝ[ÛŽˆKŒŒ‚ˆÚXÚ]\YX\œ˜^NˆKŒKŒŒ‚‚ˆÚXÚXÛÛXÝ[ÛKŒŒŽ‚ˆ\[™[˜ÚY\Î‚ˆ\Ë[X\ˆ‹ŒŒÂˆ\Ë\Ù]ˆ‹ŒŒÂˆ\Ë]ÙXZÛX\ˆ‹ŒŒ‚ˆ\Ë]ÙXZÜÙ]ˆ‹Œ‚ˆÚXÚ]\YX\œ˜^PKŒKŒŒŽ‚ˆ\[™[˜ÚY\Î‚ˆ]˜Z[X›K]\YX\œ˜^\ÎˆKŒÂˆØ[Xš[™ˆKŒŽBˆØ[X›Ý[™ˆKŒˆ›Ü‹YXXÚˆŒËBˆÙ]\›ÝÎˆKŒŒBˆÛÜˆKŒ‹Œˆ\Ë]ÜÝš[™ÝYÎˆKŒŒ‚‚ˆÚXÚ‹ŒŒŽ‚ˆ\[™[˜ÚY\Î‚ˆ\Ù^Nˆ‹ŒŒ‚ˆÛÜ™]Ü˜\KŒ‹NˆßB‚ˆÛÜšÙ\™KŒŒŒLMKŒN‚ˆÜ[Û˜[\[™[˜ÚY\Î‚ˆ	ÐÛÝY›\™KÝÛÜšÙ\™Y\Ú[‹M	ÎˆKŒŒŒLMKŒBˆ	ÐÛÝY›\™KÝÛÜšÙ\™Y\Ú[‹X\›M	ÎˆKŒŒŒLMKŒBˆ	ÐÛÝY›\™KÝÛÜšÙ\™[[^M	ÎˆKŒŒŒLMKŒBˆ	ÐÛÝY›\™KÝÛÜšÙ\™[[^X\›M	ÎˆKŒŒŒLMKŒBˆ	ÐÛÝY›\™KÝÛÜšÙ\™]Ú[™ÝÜËM	ÎˆKŒŒŒLMKŒB‚ˆÜ˜[™Û\ŽL‹Œ‚ˆ\[™[˜ÚY\Î‚ˆ	ÐÛÝY›\™KÚÝ‹X\ÜÙ]Z[™\‰ÎˆKŒˆ	ÐÛÝY›\™KÝ[™[‹\™\Ù]	Îˆ‹ŒM‹ŒJ[™[‹ŒŒ\˜ËŒ
JÛÜšÙ\™KŒŒŒLMKŒJBˆ›ZÙLË]Ø\ÛNˆ‹ŒKBˆ\ØZ[ˆŒËŒÂˆZ[šY›\™NˆŒŒŒLMKŒˆ]]Ë\™YÙ^ˆ‹ŒËŒˆ[™[Žˆ‹ŒŒ\˜ËŒˆÛÜšÙ\™ˆKŒŒŒLMKŒBˆÜ[Û˜[\[™[˜ÚY\Î‚ˆœÙ]™[Îˆ‹ŒËŒÂˆ˜[œÚ]]™TY\‘\[™[˜ÚY\Î‚ˆHY™™\][ˆH]‹N]˜[Y]B‚ˆÜÐŒNŒˆßB‚ˆX[\ÝËŒKŒNˆßB‚ˆ[ØÝË\]Y]YPŒKŒˆßB‚ˆ[ÙØK[^[Ý]ËŒ‹ŒNˆßB‚ˆ[ÝXÚXÛÜ™PŒËŒÎ‚ˆ\[™[˜ÚY\Î‚ˆ	ÐÜ[œÜËÙ^Ù\[Û‰ÎˆKŒ‹ŒÂˆ\œ›Ü‹\ÝXÚË\\œÙ\‹Y\ÎˆKŒB‚ˆ[ÝXÚŒKŒX™]KŒL‚ˆ\[™[˜ÚY\Î‚ˆ	ÐÜ[œÜËØÛÛÜœÉÎˆŒK‚ˆ	ÐÜ[œÜËÙ[\\‰Îˆ‹Bˆ	ÐÜYYZYÚYÚØÛÜ™IÎˆKŒ‹ŒŒÂˆÛÛÚÚYNˆKŒKŒBˆ[ÝXÚXÛÜ™NˆŒËŒÂ‚ˆ›Ù]˜[Y][Û‹Y\œ›ÜŒŒŠ›ÙŒÊN‚ˆ\[™[˜ÚY\Î‚ˆ›ÙˆŒÂ‚ˆ›ÙŒÎˆßB